PODS:
  - AnyChartiOS (1.0.4)
  - Charts (3.3.0):
    - Charts/Core (= 3.3.0)
  - Charts/Core (3.3.0)
  - JTMaterialTransition (2.0.3)
  - SwiftCharts (0.6.5)

DEPENDENCIES:
  - AnyChartiOS (~> 1.0.3)
  - Charts
  - JTMaterialTransition (~> 2.0)
  - SwiftCharts (~> 0.6.5)

SPEC REPOS:
  https://github.com/cocoapods/specs.git:
    - AnyChartiOS
    - Charts
    - JTMaterialTransition
    - SwiftCharts

SPEC CHECKSUMS:
  AnyChartiOS: 7ce3964cb1ed0918410423beb0856ec0c2606d8f
  Charts: e0dd4cd8f257bccf98407b58183ddca8e8d5b578
  JTMaterialTransition: 7ff22aae6cd969734d775708f08e3656c52cb7bf
  SwiftCharts: 2e755ea292f0b87d3e4b2c1eb5afc080a20cdc15

PODFILE CHECKSUM: 2d78641c24d7344217196878a61401337a612c17

COCOAPODS: 1.7.5
